// !$*UTF8*$!
{
	archiveVersion = 1;
	classes = {
	};
	objectVersion = 63;
	objects = {

/* Begin PBXBuildFile section */
		0366334BC389290589116054 /* ThreadDocument.swift in Sources */ = {isa = PBXBuildFile; fileRef = D27DA4FB3CB876380452100E /* ThreadDocument.swift */; };
		063837575FD891ED59EB5D5D /* WorkspaceManager.swift in Sources */ = {isa = PBXBuildFile; fileRef = 01323D96E986B9C0A38DBF46 /* WorkspaceManager.swift */; };
		08F744776E22CD356EF88BA0 /* DesignTokens.swift in Sources */ = {isa = PBXBuildFile; fileRef = A7F3D9CE2A5AF661B057B815 /* DesignTokens.swift */; };
		0BE6CFD51A2B9BE23BD9491F /* RichCaptureEditor.swift in Sources */ = {isa = PBXBuildFile; fileRef = 597B08CE407985F747B78AC9 /* RichCaptureEditor.swift */; };
		0EFC8997CFD54DBD7505AF93 /* QuickCaptureView.swift in Sources */ = {isa = PBXBuildFile; fileRef = 71A2AF4D85D635316D280C19 /* QuickCaptureView.swift */; };
		109E2411F46140B97BB9B87B /* AnthropicProvider in Frameworks */ = {isa = PBXBuildFile; productRef = 7731961AA37D705978C202F7 /* AnthropicProvider */; };
		13B0E2D0759C6BE482F201F8 /* ThreadCreationViews.swift in Sources */ = {isa = PBXBuildFile; fileRef = 405F7676B2679AFD0D18131F /* ThreadCreationViews.swift */; };
		1781F8FDB3A59E1DF9E22295 /* GroqProvider in Frameworks */ = {isa = PBXBuildFile; productRef = FC11B2D1B845647A09721262 /* GroqProvider */; };
		1975008DFA53CC62C91B3DE4 /* SidebarView.swift in Sources */ = {isa = PBXBuildFile; fileRef = B5A98DF49A599924944E81D8 /* SidebarView.swift */; };
		1AC1721ED1993765FEB5A30C /* MemoryRecordRow.swift in Sources */ = {isa = PBXBuildFile; fileRef = CC97069B5EC5118A006F9DC2 /* MemoryRecordRow.swift */; };
		22AD72300167E24ADA3B0230 /* DeepSeekProvider in Frameworks */ = {isa = PBXBuildFile; productRef = 77362693DC743A55D5ED5F99 /* DeepSeekProvider */; };
		231F13E16265B00BFD88E443 /* LLMProvider.swift in Sources */ = {isa = PBXBuildFile; fileRef = 353720FD1BE80996EC150F21 /* LLMProvider.swift */; };
		231F13E26265B00BFD88E443 /* OllamaChatModel.swift in Sources */ = {isa = PBXBuildFile; fileRef = 353720FE1BE80996EC150F21 /* OllamaChatModel.swift */; };
		255CA69A9DC1C9BC8869D0BE /* KeychainHelper.swift in Sources */ = {isa = PBXBuildFile; fileRef = FD726A2AD023014A0D7F304E /* KeychainHelper.swift */; };
		27DB5A7008557CBCEF4AEF2C /* Models.swift in Sources */ = {isa = PBXBuildFile; fileRef = 08298F484DF29080A89E18E2 /* Models.swift */; };
		2F81A5D34FB103B2125A0AD0 /* AppDatabase.swift in Sources */ = {isa = PBXBuildFile; fileRef = 253B380F60FAA557D1F6676C /* AppDatabase.swift */; };
		2F85B60963737B0B979D7135 /* SyntaxHighlighter.swift in Sources */ = {isa = PBXBuildFile; fileRef = 3D26038D30D99DF6D1F8C266 /* SyntaxHighlighter.swift */; };
		3B34D8ACBD57F9029565B967 /* XAIProvider in Frameworks */ = {isa = PBXBuildFile; productRef = CCC790FC70B848E05A2E818B /* XAIProvider */; };
		3BB6FA2EFBFDEB9956903008 /* CaptureParser.swift in Sources */ = {isa = PBXBuildFile; fileRef = 0EE21A95986BF17E4A8326FF /* CaptureParser.swift */; };
		41EDDE1B2459026D81CB2BFA /* SharedComponents.swift in Sources */ = {isa = PBXBuildFile; fileRef = E7846BBA0DDBC8D6B2F6F8A0 /* SharedComponents.swift */; };
		442B118C8C850A7E44B208A5 /* JSONMigration.swift in Sources */ = {isa = PBXBuildFile; fileRef = 62B2F02F9380B5EF004A6AAD /* JSONMigration.swift */; };
		521390FDE0128346A38D3555 /* WorkspaceSetupView.swift in Sources */ = {isa = PBXBuildFile; fileRef = BADF73820BB75C2E74E4FE9C /* WorkspaceSetupView.swift */; };
		554630AD0057EC4587EACBA3 /* TimelineSheet.swift in Sources */ = {isa = PBXBuildFile; fileRef = CDC06EEA693BC096D6C640D8 /* TimelineSheet.swift */; };
		5647BBF5C8425E70136F4C2B /* OpenAIProvider in Frameworks */ = {isa = PBXBuildFile; productRef = 06412607688065600BD8C39B /* OpenAIProvider */; };
		56F98095C726FF9D88A4A8F9 /* AttachmentManager.swift in Sources */ = {isa = PBXBuildFile; fileRef = 1FFCF90428791EC51E7DD7FF /* AttachmentManager.swift */; };
		595409D01012535255B14F86 /* SeedData.swift in Sources */ = {isa = PBXBuildFile; fileRef = 410B7ADA6FF6FB496E988FF4 /* SeedData.swift */; };
		5AB779E77C7664B7EA69D67E /* OpenAICompatibleProvider in Frameworks */ = {isa = PBXBuildFile; productRef = A9246845935420FEA8606625 /* OpenAICompatibleProvider */; };
		5F02812C16E6DA7BC0832BA1 /* ThreadnoteCompletionProvider.swift in Sources */ = {isa = PBXBuildFile; fileRef = 756345D03D28E837AB3B3940 /* ThreadnoteCompletionProvider.swift */; };
		5F110B57EC82E702D0E324E1 /* ContentView.swift in Sources */ = {isa = PBXBuildFile; fileRef = A7DCD369F27C6792DFFDD960 /* ContentView.swift */; };
		70A16FDD723106A0645B6B2B /* DiscourseEngine.swift in Sources */ = {isa = PBXBuildFile; fileRef = 1B99E8E39A31FFA8AF1B424C /* DiscourseEngine.swift */; };
		7148D049A36668F45DC8D539 /* GoogleProvider in Frameworks */ = {isa = PBXBuildFile; productRef = E927A97CCED1DC8BE4F0637D /* GoogleProvider */; };
		71EFD7A76302965EB330C22A /* RetrievalEngine.swift in Sources */ = {isa = PBXBuildFile; fileRef = 9D0E04BEBA259237F6A460EF /* RetrievalEngine.swift */; };
		7461C5F5E8BC285D3B9DD5D6 /* SwiftAISDK in Frameworks */ = {isa = PBXBuildFile; productRef = B650BEE0C4767FDE173394B7 /* SwiftAISDK */; };
		79178F2A7C3F41B762F199A7 /* GRDB in Frameworks */ = {isa = PBXBuildFile; productRef = 0CA869F5A15B34A8FEB2A1DF /* GRDB */; };
		81E1DF2C258BD317F8FEA36E /* ThreadnoteMVPApp.swift in Sources */ = {isa = PBXBuildFile; fileRef = EE8E4D29BE96D95338F0A0FE /* ThreadnoteMVPApp.swift */; };
		90EDEA254FF3720D959AD6EE /* AISettingsView.swift in Sources */ = {isa = PBXBuildFile; fileRef = B156DBE59DDD37296915C59F /* AISettingsView.swift */; };
		99B89D92D0351BC15F216170 /* Tokenizer.swift in Sources */ = {isa = PBXBuildFile; fileRef = 4D2067486757F09528E93ECD /* Tokenizer.swift */; };
		9CF3941B104F192B869BDD86 /* DatabaseRecords.swift in Sources */ = {isa = PBXBuildFile; fileRef = 84A096910332AB1BDBE13EF6 /* DatabaseRecords.swift */; };
		9FF210B32E4BAFA4C24BEBD9 /* CompletionProvider.swift in Sources */ = {isa = PBXBuildFile; fileRef = 4AC98D49FD1344ADA40AA21C /* CompletionProvider.swift */; };
		A00B8B9156E786D842E04FD6 /* ThreadnoteRepository.swift in Sources */ = {isa = PBXBuildFile; fileRef = A00B8B9056E786D842E04FD6 /* ThreadnoteRepository.swift */; };
		A0CCACBA4ED369A8EA8EA58E /* MemoryPipeline.swift in Sources */ = {isa = PBXBuildFile; fileRef = 7B1C3F0F459B16529869B393 /* MemoryPipeline.swift */; };
		A116C8ECFA9CA7267798329D /* DocumentCanvas.swift in Sources */ = {isa = PBXBuildFile; fileRef = 4BE56DCFFDA350ABD9CE958B /* DocumentCanvas.swift */; };
		AD91B91E25DA9F8F275CD996 /* ResourcesDomain.swift in Sources */ = {isa = PBXBuildFile; fileRef = 5FFF6C9B8A1B7D2ACDFAF0E1 /* ResourcesDomain.swift */; };
		B10C5A711D9E43F9A4B8C221 /* ThreadRoutingEngine.swift in Sources */ = {isa = PBXBuildFile; fileRef = B10C5A701D9E43F9A4B8C221 /* ThreadRoutingEngine.swift */; };
		B37109B122D18211CE5E535C /* Store.swift in Sources */ = {isa = PBXBuildFile; fileRef = A9D4CF79400B32CDD1926CB1 /* Store.swift */; };
		BA285E309C942BE9046876AE /* RichBodyView.swift in Sources */ = {isa = PBXBuildFile; fileRef = 62B0C02972A5BF62184B9176 /* RichBodyView.swift */; };
		BC98324691D9287783150A2C /* CaptureEditorView.swift in Sources */ = {isa = PBXBuildFile; fileRef = 4F88E0898E1EDE8009446761 /* CaptureEditorView.swift */; };
		C4C3D84B63E0B3A4D4E0F4F1 /* CompletionPopup.swift in Sources */ = {isa = PBXBuildFile; fileRef = B20F667F3ABFA64E23B14624 /* CompletionPopup.swift */; };
		CAC467429C85F4F70855F1D8 /* LinkMetadataService.swift in Sources */ = {isa = PBXBuildFile; fileRef = C50E0FB1F7012C5A9B5827D6 /* LinkMetadataService.swift */; };
		D7043FADC669619D7752C44B /* ThreadInspectorView.swift in Sources */ = {isa = PBXBuildFile; fileRef = 8D775B109D7E51F1CCA487A0 /* ThreadInspectorView.swift */; };
		D8DB7960FF8C4FEFEFC2EE4A /* AIIntegration.swift in Sources */ = {isa = PBXBuildFile; fileRef = 4DF4DBDD9767C90F13570C78 /* AIIntegration.swift */; };
		DF72EF1FC724E02AF1C7BCFE /* EntryCard.swift in Sources */ = {isa = PBXBuildFile; fileRef = ED6DC998037762589D2BAF55 /* EntryCard.swift */; };
		E98684C15276719BC8EAF5DB /* ResourceViews.swift in Sources */ = {isa = PBXBuildFile; fileRef = 981E4952DC1DE15C5895C9A9 /* ResourceViews.swift */; };
		F917D278F8568EEA5D0E4954 /* PersistenceStore.swift in Sources */ = {isa = PBXBuildFile; fileRef = 479A8EA40B27227D14A4CB4E /* PersistenceStore.swift */; };
		FA573721864A613A819B2AA5 /* RetrievalDocumentRow.swift in Sources */ = {isa = PBXBuildFile; fileRef = D1C05A35750A7D6D3B61CC0A /* RetrievalDocumentRow.swift */; };
		FF4ECB8001860519AFF562AB /* StreamDocument.swift in Sources */ = {isa = PBXBuildFile; fileRef = A791ED3DDAA0D60B79F34FA7 /* StreamDocument.swift */; };
/* End PBXBuildFile section */

/* Begin PBXFileReference section */
		01323D96E986B9C0A38DBF46 /* WorkspaceManager.swift */ = {isa = PBXFileReference; lastKnownFileType = sourcecode.swift; path = WorkspaceManager.swift; sourceTree = "<group>"; };
		08298F484DF29080A89E18E2 /* Models.swift */ = {isa = PBXFileReference; lastKnownFileType = sourcecode.swift; path = Models.swift; sourceTree = "<group>"; };
		0EE21A95986BF17E4A8326FF /* CaptureParser.swift */ = {isa = PBXFileReference; lastKnownFileType = sourcecode.swift; path = CaptureParser.swift; sourceTree = "<group>"; };
		1B99E8E39A31FFA8AF1B424C /* DiscourseEngine.swift */ = {isa = PBXFileReference; lastKnownFileType = sourcecode.swift; path = DiscourseEngine.swift; sourceTree = "<group>"; };
		1FFCF90428791EC51E7DD7FF /* AttachmentManager.swift */ = {isa = PBXFileReference; lastKnownFileType = sourcecode.swift; path = AttachmentManager.swift; sourceTree = "<group>"; };
		253B380F60FAA557D1F6676C /* AppDatabase.swift */ = {isa = PBXFileReference; lastKnownFileType = sourcecode.swift; path = AppDatabase.swift; sourceTree = "<group>"; };
		353720FD1BE80996EC150F21 /* LLMProvider.swift */ = {isa = PBXFileReference; lastKnownFileType = sourcecode.swift; path = LLMProvider.swift; sourceTree = "<group>"; };
		353720FE1BE80996EC150F21 /* OllamaChatModel.swift */ = {isa = PBXFileReference; lastKnownFileType = sourcecode.swift; path = OllamaChatModel.swift; sourceTree = "<group>"; };
		3D26038D30D99DF6D1F8C266 /* SyntaxHighlighter.swift */ = {isa = PBXFileReference; lastKnownFileType = sourcecode.swift; path = SyntaxHighlighter.swift; sourceTree = "<group>"; };
		405F7676B2679AFD0D18131F /* ThreadCreationViews.swift */ = {isa = PBXFileReference; lastKnownFileType = sourcecode.swift; path = ThreadCreationViews.swift; sourceTree = "<group>"; };
		410B7ADA6FF6FB496E988FF4 /* SeedData.swift */ = {isa = PBXFileReference; lastKnownFileType = sourcecode.swift; path = SeedData.swift; sourceTree = "<group>"; };
		479A8EA40B27227D14A4CB4E /* PersistenceStore.swift */ = {isa = PBXFileReference; lastKnownFileType = sourcecode.swift; path = PersistenceStore.swift; sourceTree = "<group>"; };
		4AC98D49FD1344ADA40AA21C /* CompletionProvider.swift */ = {isa = PBXFileReference; lastKnownFileType = sourcecode.swift; path = CompletionProvider.swift; sourceTree = "<group>"; };
		4BE56DCFFDA350ABD9CE958B /* DocumentCanvas.swift */ = {isa = PBXFileReference; lastKnownFileType = sourcecode.swift; path = DocumentCanvas.swift; sourceTree = "<group>"; };
		4D2067486757F09528E93ECD /* Tokenizer.swift */ = {isa = PBXFileReference; lastKnownFileType = sourcecode.swift; path = Tokenizer.swift; sourceTree = "<group>"; };
		4DF4DBDD9767C90F13570C78 /* AIIntegration.swift */ = {isa = PBXFileReference; lastKnownFileType = sourcecode.swift; path = AIIntegration.swift; sourceTree = "<group>"; };
		4F88E0898E1EDE8009446761 /* CaptureEditorView.swift */ = {isa = PBXFileReference; lastKnownFileType = sourcecode.swift; path = CaptureEditorView.swift; sourceTree = "<group>"; };
		597B08CE407985F747B78AC9 /* RichCaptureEditor.swift */ = {isa = PBXFileReference; lastKnownFileType = sourcecode.swift; path = RichCaptureEditor.swift; sourceTree = "<group>"; };
		5FFF6C9B8A1B7D2ACDFAF0E1 /* ResourcesDomain.swift */ = {isa = PBXFileReference; lastKnownFileType = sourcecode.swift; path = ResourcesDomain.swift; sourceTree = "<group>"; };
		62B0C02972A5BF62184B9176 /* RichBodyView.swift */ = {isa = PBXFileReference; lastKnownFileType = sourcecode.swift; path = RichBodyView.swift; sourceTree = "<group>"; };
		62B2F02F9380B5EF004A6AAD /* JSONMigration.swift */ = {isa = PBXFileReference; lastKnownFileType = sourcecode.swift; path = JSONMigration.swift; sourceTree = "<group>"; };
		6C1C0B537970775EAC83DEED /* Threadnote.app */ = {isa = PBXFileReference; explicitFileType = wrapper.application; includeInIndex = 0; path = Threadnote.app; sourceTree = BUILT_PRODUCTS_DIR; };
		71A2AF4D85D635316D280C19 /* QuickCaptureView.swift */ = {isa = PBXFileReference; lastKnownFileType = sourcecode.swift; path = QuickCaptureView.swift; sourceTree = "<group>"; };
		756345D03D28E837AB3B3940 /* ThreadnoteCompletionProvider.swift */ = {isa = PBXFileReference; lastKnownFileType = sourcecode.swift; path = ThreadnoteCompletionProvider.swift; sourceTree = "<group>"; };
		7B1C3F0F459B16529869B393 /* MemoryPipeline.swift */ = {isa = PBXFileReference; lastKnownFileType = sourcecode.swift; path = MemoryPipeline.swift; sourceTree = "<group>"; };
		84A096910332AB1BDBE13EF6 /* DatabaseRecords.swift */ = {isa = PBXFileReference; lastKnownFileType = sourcecode.swift; path = DatabaseRecords.swift; sourceTree = "<group>"; };
		8D775B109D7E51F1CCA487A0 /* ThreadInspectorView.swift */ = {isa = PBXFileReference; lastKnownFileType = sourcecode.swift; path = ThreadInspectorView.swift; sourceTree = "<group>"; };
		981E4952DC1DE15C5895C9A9 /* ResourceViews.swift */ = {isa = PBXFileReference; lastKnownFileType = sourcecode.swift; path = ResourceViews.swift; sourceTree = "<group>"; };
		9D0E04BEBA259237F6A460EF /* RetrievalEngine.swift */ = {isa = PBXFileReference; lastKnownFileType = sourcecode.swift; path = RetrievalEngine.swift; sourceTree = "<group>"; };
		A00B8B9056E786D842E04FD6 /* ThreadnoteRepository.swift */ = {isa = PBXFileReference; lastKnownFileType = sourcecode.swift; path = ThreadnoteRepository.swift; sourceTree = "<group>"; };
		A791ED3DDAA0D60B79F34FA7 /* StreamDocument.swift */ = {isa = PBXFileReference; lastKnownFileType = sourcecode.swift; path = StreamDocument.swift; sourceTree = "<group>"; };
		A7DCD369F27C6792DFFDD960 /* ContentView.swift */ = {isa = PBXFileReference; lastKnownFileType = sourcecode.swift; path = ContentView.swift; sourceTree = "<group>"; };
		A7F3D9CE2A5AF661B057B815 /* DesignTokens.swift */ = {isa = PBXFileReference; lastKnownFileType = sourcecode.swift; path = DesignTokens.swift; sourceTree = "<group>"; };
		A9D4CF79400B32CDD1926CB1 /* Store.swift */ = {isa = PBXFileReference; lastKnownFileType = sourcecode.swift; path = Store.swift; sourceTree = "<group>"; };
		B10C5A701D9E43F9A4B8C221 /* ThreadRoutingEngine.swift */ = {isa = PBXFileReference; lastKnownFileType = sourcecode.swift; path = ThreadRoutingEngine.swift; sourceTree = "<group>"; };
		B156DBE59DDD37296915C59F /* AISettingsView.swift */ = {isa = PBXFileReference; lastKnownFileType = sourcecode.swift; path = AISettingsView.swift; sourceTree = "<group>"; };
		B20F667F3ABFA64E23B14624 /* CompletionPopup.swift */ = {isa = PBXFileReference; lastKnownFileType = sourcecode.swift; path = CompletionPopup.swift; sourceTree = "<group>"; };
		B5A98DF49A599924944E81D8 /* SidebarView.swift */ = {isa = PBXFileReference; lastKnownFileType = sourcecode.swift; path = SidebarView.swift; sourceTree = "<group>"; };
		BADF73820BB75C2E74E4FE9C /* WorkspaceSetupView.swift */ = {isa = PBXFileReference; lastKnownFileType = sourcecode.swift; path = WorkspaceSetupView.swift; sourceTree = "<group>"; };
		C50E0FB1F7012C5A9B5827D6 /* LinkMetadataService.swift */ = {isa = PBXFileReference; lastKnownFileType = sourcecode.swift; path = LinkMetadataService.swift; sourceTree = "<group>"; };
		CC97069B5EC5118A006F9DC2 /* MemoryRecordRow.swift */ = {isa = PBXFileReference; lastKnownFileType = sourcecode.swift; path = MemoryRecordRow.swift; sourceTree = "<group>"; };
		CDC06EEA693BC096D6C640D8 /* TimelineSheet.swift */ = {isa = PBXFileReference; lastKnownFileType = sourcecode.swift; path = TimelineSheet.swift; sourceTree = "<group>"; };
		D1C05A35750A7D6D3B61CC0A /* RetrievalDocumentRow.swift */ = {isa = PBXFileReference; lastKnownFileType = sourcecode.swift; path = RetrievalDocumentRow.swift; sourceTree = "<group>"; };
		D27DA4FB3CB876380452100E /* ThreadDocument.swift */ = {isa = PBXFileReference; lastKnownFileType = sourcecode.swift; path = ThreadDocument.swift; sourceTree = "<group>"; };
		E7846BBA0DDBC8D6B2F6F8A0 /* SharedComponents.swift */ = {isa = PBXFileReference; lastKnownFileType = sourcecode.swift; path = SharedComponents.swift; sourceTree = "<group>"; };
		ED6DC998037762589D2BAF55 /* EntryCard.swift */ = {isa = PBXFileReference; lastKnownFileType = sourcecode.swift; path = EntryCard.swift; sourceTree = "<group>"; };
		EE8E4D29BE96D95338F0A0FE /* ThreadnoteMVPApp.swift */ = {isa = PBXFileReference; lastKnownFileType = sourcecode.swift; path = ThreadnoteMVPApp.swift; sourceTree = "<group>"; };
		FD726A2AD023014A0D7F304E /* KeychainHelper.swift */ = {isa = PBXFileReference; lastKnownFileType = sourcecode.swift; path = KeychainHelper.swift; sourceTree = "<group>"; };
/* End PBXFileReference section */

/* Begin PBXFrameworksBuildPhase section */
		3079B7F485E2E8DFBD34DB91 /* Frameworks */ = {
			isa = PBXFrameworksBuildPhase;
			buildActionMask = 2147483647;
			files = (
				7461C5F5E8BC285D3B9DD5D6 /* SwiftAISDK in Frameworks */,
				109E2411F46140B97BB9B87B /* AnthropicProvider in Frameworks */,
				5647BBF5C8425E70136F4C2B /* OpenAIProvider in Frameworks */,
				7148D049A36668F45DC8D539 /* GoogleProvider in Frameworks */,
				1781F8FDB3A59E1DF9E22295 /* GroqProvider in Frameworks */,
				22AD72300167E24ADA3B0230 /* DeepSeekProvider in Frameworks */,
				3B34D8ACBD57F9029565B967 /* XAIProvider in Frameworks */,
				5AB779E77C7664B7EA69D67E /* OpenAICompatibleProvider in Frameworks */,
				79178F2A7C3F41B762F199A7 /* GRDB in Frameworks */,
			);
			runOnlyForDeploymentPostprocessing = 0;
		};
/* End PBXFrameworksBuildPhase section */

/* Begin PBXGroup section */
		07A626ABC5C23EF9A1DB2011 /* Products */ = {
			isa = PBXGroup;
			children = (
				6C1C0B537970775EAC83DEED /* Threadnote.app */,
			);
			name = Products;
			sourceTree = "<group>";
		};
		29945460A14E27B111901878 /* Retrieval */ = {
			isa = PBXGroup;
			children = (
				9D0E04BEBA259237F6A460EF /* RetrievalEngine.swift */,
				4D2067486757F09528E93ECD /* Tokenizer.swift */,
			);
			path = Retrieval;
			sourceTree = "<group>";
		};
		5824F12DD52B657F7FEED731 /* Views */ = {
			isa = PBXGroup;
			children = (
				4BE56DCFFDA350ABD9CE958B /* DocumentCanvas.swift */,
				62B0C02972A5BF62184B9176 /* RichBodyView.swift */,
				B5A98DF49A599924944E81D8 /* SidebarView.swift */,
				A791ED3DDAA0D60B79F34FA7 /* StreamDocument.swift */,
				D27DA4FB3CB876380452100E /* ThreadDocument.swift */,
				8D775B109D7E51F1CCA487A0 /* ThreadInspectorView.swift */,
			);
			path = Views;
			sourceTree = "<group>";
		};
		652C346B88550D52D2CBC285 /* Services */ = {
			isa = PBXGroup;
			children = (
				C50E0FB1F7012C5A9B5827D6 /* LinkMetadataService.swift */,
			);
			path = Services;
			sourceTree = "<group>";
		};
		657925DAD4296B146644006F /* AI */ = {
			isa = PBXGroup;
			children = (
				353720FD1BE80996EC150F21 /* LLMProvider.swift */,
				353720FE1BE80996EC150F21 /* OllamaChatModel.swift */,
			);
			path = AI;
			sourceTree = "<group>";
		};
		762BF460096F8F5B5D5FDE47 /* Theme */ = {
			isa = PBXGroup;
			children = (
				A7F3D9CE2A5AF661B057B815 /* DesignTokens.swift */,
			);
			path = Theme;
			sourceTree = "<group>";
		};
		82F80913B099E4DCEA0FB061 /* Editor */ = {
			isa = PBXGroup;
			children = (
				4F88E0898E1EDE8009446761 /* CaptureEditorView.swift */,
				B20F667F3ABFA64E23B14624 /* CompletionPopup.swift */,
				4AC98D49FD1344ADA40AA21C /* CompletionProvider.swift */,
				597B08CE407985F747B78AC9 /* RichCaptureEditor.swift */,
				3D26038D30D99DF6D1F8C266 /* SyntaxHighlighter.swift */,
				756345D03D28E837AB3B3940 /* ThreadnoteCompletionProvider.swift */,
			);
			path = Editor;
			sourceTree = "<group>";
		};
		A53B9A469BB56A13BB0FCD99 /* Memory */ = {
			isa = PBXGroup;
			children = (
				7B1C3F0F459B16529869B393 /* MemoryPipeline.swift */,
			);
			path = Memory;
			sourceTree = "<group>";
		};
		B60AF7D3AE6166CAAD43DD73 = {
			isa = PBXGroup;
			children = (
				E5A9734F3FB72C9A8DA06345 /* Sources */,
				07A626ABC5C23EF9A1DB2011 /* Products */,
			);
			sourceTree = "<group>";
		};
		B9E5317ADE029934A82336E5 /* Persistence */ = {
			isa = PBXGroup;
			children = (
				253B380F60FAA557D1F6676C /* AppDatabase.swift */,
				1FFCF90428791EC51E7DD7FF /* AttachmentManager.swift */,
				84A096910332AB1BDBE13EF6 /* DatabaseRecords.swift */,
				62B2F02F9380B5EF004A6AAD /* JSONMigration.swift */,
				CC97069B5EC5118A006F9DC2 /* MemoryRecordRow.swift */,
				479A8EA40B27227D14A4CB4E /* PersistenceStore.swift */,
				D1C05A35750A7D6D3B61CC0A /* RetrievalDocumentRow.swift */,
				A00B8B9056E786D842E04FD6 /* ThreadnoteRepository.swift */,
				01323D96E986B9C0A38DBF46 /* WorkspaceManager.swift */,
				BADF73820BB75C2E74E4FE9C /* WorkspaceSetupView.swift */,
			);
			path = Persistence;
			sourceTree = "<group>";
		};
		E5A9734F3FB72C9A8DA06345 /* Sources */ = {
			isa = PBXGroup;
			children = (
				4DF4DBDD9767C90F13570C78 /* AIIntegration.swift */,
				0EE21A95986BF17E4A8326FF /* CaptureParser.swift */,
				A7DCD369F27C6792DFFDD960 /* ContentView.swift */,
				1B99E8E39A31FFA8AF1B424C /* DiscourseEngine.swift */,
				ED6DC998037762589D2BAF55 /* EntryCard.swift */,
				08298F484DF29080A89E18E2 /* Models.swift */,
				71A2AF4D85D635316D280C19 /* QuickCaptureView.swift */,
				5FFF6C9B8A1B7D2ACDFAF0E1 /* ResourcesDomain.swift */,
				981E4952DC1DE15C5895C9A9 /* ResourceViews.swift */,
				410B7ADA6FF6FB496E988FF4 /* SeedData.swift */,
				E7846BBA0DDBC8D6B2F6F8A0 /* SharedComponents.swift */,
				A9D4CF79400B32CDD1926CB1 /* Store.swift */,
				B10C5A701D9E43F9A4B8C221 /* ThreadRoutingEngine.swift */,
				405F7676B2679AFD0D18131F /* ThreadCreationViews.swift */,
				EE8E4D29BE96D95338F0A0FE /* ThreadnoteMVPApp.swift */,
				CDC06EEA693BC096D6C640D8 /* TimelineSheet.swift */,
				657925DAD4296B146644006F /* AI */,
				82F80913B099E4DCEA0FB061 /* Editor */,
				A53B9A469BB56A13BB0FCD99 /* Memory */,
				B9E5317ADE029934A82336E5 /* Persistence */,
				29945460A14E27B111901878 /* Retrieval */,
				652C346B88550D52D2CBC285 /* Services */,
				F80958CD9E8DC6CD322DD5D4 /* Settings */,
				762BF460096F8F5B5D5FDE47 /* Theme */,
				5824F12DD52B657F7FEED731 /* Views */,
			);
			path = Sources;
			sourceTree = "<group>";
		};
		F80958CD9E8DC6CD322DD5D4 /* Settings */ = {
			isa = PBXGroup;
			children = (
				B156DBE59DDD37296915C59F /* AISettingsView.swift */,
				FD726A2AD023014A0D7F304E /* KeychainHelper.swift */,
			);
			path = Settings;
			sourceTree = "<group>";
		};
/* End PBXGroup section */

/* Begin PBXNativeTarget section */
		6C52A2509310000A3EF38E83 /* Threadnote */ = {
			isa = PBXNativeTarget;
			buildConfigurationList = 74C470FF107C144C2971DD2A /* Build configuration list for PBXNativeTarget "Threadnote" */;
			buildPhases = (
				C7F0C4140037F8D716D81D91 /* Sources */,
				3079B7F485E2E8DFBD34DB91 /* Frameworks */,
			);
			buildRules = (
			);
			dependencies = (
			);
			name = Threadnote;
			packageProductDependencies = (
				B650BEE0C4767FDE173394B7 /* SwiftAISDK */,
				7731961AA37D705978C202F7 /* AnthropicProvider */,
				06412607688065600BD8C39B /* OpenAIProvider */,
				E927A97CCED1DC8BE4F0637D /* GoogleProvider */,
				FC11B2D1B845647A09721262 /* GroqProvider */,
				77362693DC743A55D5ED5F99 /* DeepSeekProvider */,
				CCC790FC70B848E05A2E818B /* XAIProvider */,
				A9246845935420FEA8606625 /* OpenAICompatibleProvider */,
				0CA869F5A15B34A8FEB2A1DF /* GRDB */,
			);
			productName = Threadnote;
			productReference = 6C1C0B537970775EAC83DEED /* Threadnote.app */;
			productType = "com.apple.product-type.application";
		};
/* End PBXNativeTarget section */

/* Begin PBXProject section */
		A2F997DEFE8BBC5E647B22C7 /* Project object */ = {
			isa = PBXProject;
			attributes = {
				BuildIndependentTargetsInParallel = YES;
				LastUpgradeCheck = 2630;
			};
			buildConfigurationList = A81E9A0A56EEFE27B8FA1418 /* Build configuration list for PBXProject "Threadnote" */;
			compatibilityVersion = "Xcode 14.0";
			developmentRegion = en;
			hasScannedForEncodings = 0;
			knownRegions = (
				Base,
				en,
			);
			mainGroup = B60AF7D3AE6166CAAD43DD73;
			minimizedProjectReferenceProxies = 1;
			packageReferences = (
				21654838E9031734CB6C7B15 /* XCRemoteSwiftPackageReference "GRDB.swift" */,
				1FEBCF21D26A1EB7FF709FBA /* XCRemoteSwiftPackageReference "swift-ai-sdk" */,
			);
			projectDirPath = "";
			projectRoot = "";
			targets = (
				6C52A2509310000A3EF38E83 /* Threadnote */,
			);
		};
/* End PBXProject section */

/* Begin PBXSourcesBuildPhase section */
		C7F0C4140037F8D716D81D91 /* Sources */ = {
			isa = PBXSourcesBuildPhase;
			buildActionMask = 2147483647;
			files = (
				D8DB7960FF8C4FEFEFC2EE4A /* AIIntegration.swift in Sources */,
				90EDEA254FF3720D959AD6EE /* AISettingsView.swift in Sources */,
				2F81A5D34FB103B2125A0AD0 /* AppDatabase.swift in Sources */,
				56F98095C726FF9D88A4A8F9 /* AttachmentManager.swift in Sources */,
				BC98324691D9287783150A2C /* CaptureEditorView.swift in Sources */,
				3BB6FA2EFBFDEB9956903008 /* CaptureParser.swift in Sources */,
				C4C3D84B63E0B3A4D4E0F4F1 /* CompletionPopup.swift in Sources */,
				9FF210B32E4BAFA4C24BEBD9 /* CompletionProvider.swift in Sources */,
				5F110B57EC82E702D0E324E1 /* ContentView.swift in Sources */,
				9CF3941B104F192B869BDD86 /* DatabaseRecords.swift in Sources */,
				08F744776E22CD356EF88BA0 /* DesignTokens.swift in Sources */,
				70A16FDD723106A0645B6B2B /* DiscourseEngine.swift in Sources */,
				A116C8ECFA9CA7267798329D /* DocumentCanvas.swift in Sources */,
				DF72EF1FC724E02AF1C7BCFE /* EntryCard.swift in Sources */,
				442B118C8C850A7E44B208A5 /* JSONMigration.swift in Sources */,
				255CA69A9DC1C9BC8869D0BE /* KeychainHelper.swift in Sources */,
				231F13E16265B00BFD88E443 /* LLMProvider.swift in Sources */,
				231F13E26265B00BFD88E443 /* OllamaChatModel.swift in Sources */,
				CAC467429C85F4F70855F1D8 /* LinkMetadataService.swift in Sources */,
				A0CCACBA4ED369A8EA8EA58E /* MemoryPipeline.swift in Sources */,
				1AC1721ED1993765FEB5A30C /* MemoryRecordRow.swift in Sources */,
				27DB5A7008557CBCEF4AEF2C /* Models.swift in Sources */,
				F917D278F8568EEA5D0E4954 /* PersistenceStore.swift in Sources */,
				0EFC8997CFD54DBD7505AF93 /* QuickCaptureView.swift in Sources */,
				E98684C15276719BC8EAF5DB /* ResourceViews.swift in Sources */,
				AD91B91E25DA9F8F275CD996 /* ResourcesDomain.swift in Sources */,
				FA573721864A613A819B2AA5 /* RetrievalDocumentRow.swift in Sources */,
				71EFD7A76302965EB330C22A /* RetrievalEngine.swift in Sources */,
				BA285E309C942BE9046876AE /* RichBodyView.swift in Sources */,
				0BE6CFD51A2B9BE23BD9491F /* RichCaptureEditor.swift in Sources */,
				595409D01012535255B14F86 /* SeedData.swift in Sources */,
				41EDDE1B2459026D81CB2BFA /* SharedComponents.swift in Sources */,
				1975008DFA53CC62C91B3DE4 /* SidebarView.swift in Sources */,
				B37109B122D18211CE5E535C /* Store.swift in Sources */,
				FF4ECB8001860519AFF562AB /* StreamDocument.swift in Sources */,
				2F85B60963737B0B979D7135 /* SyntaxHighlighter.swift in Sources */,
				13B0E2D0759C6BE482F201F8 /* ThreadCreationViews.swift in Sources */,
				0366334BC389290589116054 /* ThreadDocument.swift in Sources */,
				D7043FADC669619D7752C44B /* ThreadInspectorView.swift in Sources */,
				B10C5A711D9E43F9A4B8C221 /* ThreadRoutingEngine.swift in Sources */,
				5F02812C16E6DA7BC0832BA1 /* ThreadnoteCompletionProvider.swift in Sources */,
				81E1DF2C258BD317F8FEA36E /* ThreadnoteMVPApp.swift in Sources */,
				A00B8B9156E786D842E04FD6 /* ThreadnoteRepository.swift in Sources */,
				554630AD0057EC4587EACBA3 /* TimelineSheet.swift in Sources */,
				99B89D92D0351BC15F216170 /* Tokenizer.swift in Sources */,
				063837575FD891ED59EB5D5D /* WorkspaceManager.swift in Sources */,
				521390FDE0128346A38D3555 /* WorkspaceSetupView.swift in Sources */,
			);
			runOnlyForDeploymentPostprocessing = 0;
		};
/* End PBXSourcesBuildPhase section */

/* Begin XCBuildConfiguration section */
		1B740133D30466ADB76C36E9 /* Release */ = {
			isa = XCBuildConfiguration;
			buildSettings = {
				ALWAYS_SEARCH_USER_PATHS = NO;
				CLANG_ANALYZER_NONNULL = YES;
				CLANG_ANALYZER_NUMBER_OBJECT_CONVERSION = YES_AGGRESSIVE;
				CLANG_CXX_LANGUAGE_STANDARD = "gnu++14";
				CLANG_CXX_LIBRARY = "libc++";
				CLANG_ENABLE_MODULES = YES;
				CLANG_ENABLE_OBJC_ARC = YES;
				CLANG_ENABLE_OBJC_WEAK = YES;
				CLANG_WARN_BLOCK_CAPTURE_AUTORELEASING = YES;
				CLANG_WARN_BOOL_CONVERSION = YES;
				CLANG_WARN_COMMA = YES;
				CLANG_WARN_CONSTANT_CONVERSION = YES;
				CLANG_WARN_DEPRECATED_OBJC_IMPLEMENTATIONS = YES;
				CLANG_WARN_DIRECT_OBJC_ISA_USAGE = YES_ERROR;
				CLANG_WARN_DOCUMENTATION_COMMENTS = YES;
				CLANG_WARN_EMPTY_BODY = YES;
				CLANG_WARN_ENUM_CONVERSION = YES;
				CLANG_WARN_INFINITE_RECURSION = YES;
				CLANG_WARN_INT_CONVERSION = YES;
				CLANG_WARN_NON_LITERAL_NULL_CONVERSION = YES;
				CLANG_WARN_OBJC_IMPLICIT_RETAIN_SELF = YES;
				CLANG_WARN_OBJC_LITERAL_CONVERSION = YES;
				CLANG_WARN_OBJC_ROOT_CLASS = YES_ERROR;
				CLANG_WARN_QUOTED_INCLUDE_IN_FRAMEWORK_HEADER = YES;
				CLANG_WARN_RANGE_LOOP_ANALYSIS = YES;
				CLANG_WARN_STRICT_PROTOTYPES = YES;
				CLANG_WARN_SUSPICIOUS_MOVE = YES;
				CLANG_WARN_UNGUARDED_AVAILABILITY = YES_AGGRESSIVE;
				CLANG_WARN_UNREACHABLE_CODE = YES;
				CLANG_WARN__DUPLICATE_METHOD_MATCH = YES;
				COPY_PHASE_STRIP = NO;
				CURRENT_PROJECT_VERSION = 1;
				DEAD_CODE_STRIPPING = YES;
				DEBUG_INFORMATION_FORMAT = "dwarf-with-dsym";
				ENABLE_NS_ASSERTIONS = NO;
				ENABLE_STRICT_OBJC_MSGSEND = YES;
				ENABLE_USER_SCRIPT_SANDBOXING = YES;
				GCC_C_LANGUAGE_STANDARD = gnu11;
				GCC_NO_COMMON_BLOCKS = YES;
				GCC_WARN_64_TO_32_BIT_CONVERSION = YES;
				GCC_WARN_ABOUT_RETURN_TYPE = YES_ERROR;
				GCC_WARN_UNDECLARED_SELECTOR = YES;
				GCC_WARN_UNINITIALIZED_AUTOS = YES_AGGRESSIVE;
				GCC_WARN_UNUSED_FUNCTION = YES;
				GCC_WARN_UNUSED_VARIABLE = YES;
				GENERATE_INFOPLIST_FILE = YES;
				MACOSX_DEPLOYMENT_TARGET = 14.0;
				MARKETING_VERSION = 0.1.0;
				MTL_ENABLE_DEBUG_INFO = NO;
				MTL_FAST_MATH = YES;
				PRODUCT_BUNDLE_IDENTIFIER = com.chenyibin.threadnote;
				PRODUCT_NAME = Threadnote;
				SDKROOT = macosx;
				STRING_CATALOG_GENERATE_SYMBOLS = YES;
				SWIFT_COMPILATION_MODE = wholemodule;
				SWIFT_OPTIMIZATION_LEVEL = "-O";
				SWIFT_VERSION = 6.0;
			};
			name = Release;
		};
		30D1A03CA7D990854A48A890 /* Release */ = {
			isa = XCBuildConfiguration;
			buildSettings = {
				ASSETCATALOG_COMPILER_APPICON_NAME = AppIcon;
				COMBINE_HIDPI_IMAGES = YES;
				DEAD_CODE_STRIPPING = YES;
				INFOPLIST_KEY_CFBundleDisplayName = Threadnote;
				INFOPLIST_KEY_LSApplicationCategoryType = "public.app-category.productivity";
				INFOPLIST_KEY_NSHumanReadableCopyright = "Copyright 2026 Threadnote";
				INFOPLIST_KEY_NSPrincipalClass = NSApplication;
				INFOPLIST_KEY_NSSupportsAutomaticGraphicsSwitching = YES;
				LD_RUNPATH_SEARCH_PATHS = (
					"$(inherited)",
					"@executable_path/../Frameworks",
				);
				SDKROOT = macosx;
			};
			name = Release;
		};
		633B66D332BC1C998BF444CD /* Debug */ = {
			isa = XCBuildConfiguration;
			buildSettings = {
				ASSETCATALOG_COMPILER_APPICON_NAME = AppIcon;
				COMBINE_HIDPI_IMAGES = YES;
				DEAD_CODE_STRIPPING = YES;
				INFOPLIST_KEY_CFBundleDisplayName = Threadnote;
				INFOPLIST_KEY_LSApplicationCategoryType = "public.app-category.productivity";
				INFOPLIST_KEY_NSHumanReadableCopyright = "Copyright 2026 Threadnote";
				INFOPLIST_KEY_NSPrincipalClass = NSApplication;
				INFOPLIST_KEY_NSSupportsAutomaticGraphicsSwitching = YES;
				LD_RUNPATH_SEARCH_PATHS = (
					"$(inherited)",
					"@executable_path/../Frameworks",
				);
				SDKROOT = macosx;
			};
			name = Debug;
		};
		CCCB8452ACCBD01C175719B1 /* Debug */ = {
			isa = XCBuildConfiguration;
			buildSettings = {
				ALWAYS_SEARCH_USER_PATHS = NO;
				CLANG_ANALYZER_NONNULL = YES;
				CLANG_ANALYZER_NUMBER_OBJECT_CONVERSION = YES_AGGRESSIVE;
				CLANG_CXX_LANGUAGE_STANDARD = "gnu++14";
				CLANG_CXX_LIBRARY = "libc++";
				CLANG_ENABLE_MODULES = YES;
				CLANG_ENABLE_OBJC_ARC = YES;
				CLANG_ENABLE_OBJC_WEAK = YES;
				CLANG_WARN_BLOCK_CAPTURE_AUTORELEASING = YES;
				CLANG_WARN_BOOL_CONVERSION = YES;
				CLANG_WARN_COMMA = YES;
				CLANG_WARN_CONSTANT_CONVERSION = YES;
				CLANG_WARN_DEPRECATED_OBJC_IMPLEMENTATIONS = YES;
				CLANG_WARN_DIRECT_OBJC_ISA_USAGE = YES_ERROR;
				CLANG_WARN_DOCUMENTATION_COMMENTS = YES;
				CLANG_WARN_EMPTY_BODY = YES;
				CLANG_WARN_ENUM_CONVERSION = YES;
				CLANG_WARN_INFINITE_RECURSION = YES;
				CLANG_WARN_INT_CONVERSION = YES;
				CLANG_WARN_NON_LITERAL_NULL_CONVERSION = YES;
				CLANG_WARN_OBJC_IMPLICIT_RETAIN_SELF = YES;
				CLANG_WARN_OBJC_LITERAL_CONVERSION = YES;
				CLANG_WARN_OBJC_ROOT_CLASS = YES_ERROR;
				CLANG_WARN_QUOTED_INCLUDE_IN_FRAMEWORK_HEADER = YES;
				CLANG_WARN_RANGE_LOOP_ANALYSIS = YES;
				CLANG_WARN_STRICT_PROTOTYPES = YES;
				CLANG_WARN_SUSPICIOUS_MOVE = YES;
				CLANG_WARN_UNGUARDED_AVAILABILITY = YES_AGGRESSIVE;
				CLANG_WARN_UNREACHABLE_CODE = YES;
				CLANG_WARN__DUPLICATE_METHOD_MATCH = YES;
				COPY_PHASE_STRIP = NO;
				CURRENT_PROJECT_VERSION = 1;
				DEAD_CODE_STRIPPING = YES;
				DEBUG_INFORMATION_FORMAT = dwarf;
				ENABLE_STRICT_OBJC_MSGSEND = YES;
				ENABLE_TESTABILITY = YES;
				ENABLE_USER_SCRIPT_SANDBOXING = YES;
				GCC_C_LANGUAGE_STANDARD = gnu11;
				GCC_DYNAMIC_NO_PIC = NO;
				GCC_NO_COMMON_BLOCKS = YES;
				GCC_OPTIMIZATION_LEVEL = 0;
				GCC_PREPROCESSOR_DEFINITIONS = (
					"$(inherited)",
					"DEBUG=1",
				);
				GCC_WARN_64_TO_32_BIT_CONVERSION = YES;
				GCC_WARN_ABOUT_RETURN_TYPE = YES_ERROR;
				GCC_WARN_UNDECLARED_SELECTOR = YES;
				GCC_WARN_UNINITIALIZED_AUTOS = YES_AGGRESSIVE;
				GCC_WARN_UNUSED_FUNCTION = YES;
				GCC_WARN_UNUSED_VARIABLE = YES;
				GENERATE_INFOPLIST_FILE = YES;
				MACOSX_DEPLOYMENT_TARGET = 14.0;
				MARKETING_VERSION = 0.1.0;
				MTL_ENABLE_DEBUG_INFO = INCLUDE_SOURCE;
				MTL_FAST_MATH = YES;
				ONLY_ACTIVE_ARCH = YES;
				PRODUCT_BUNDLE_IDENTIFIER = com.chenyibin.threadnote;
				PRODUCT_NAME = Threadnote;
				SDKROOT = macosx;
				STRING_CATALOG_GENERATE_SYMBOLS = YES;
				SWIFT_ACTIVE_COMPILATION_CONDITIONS = DEBUG;
				SWIFT_OPTIMIZATION_LEVEL = "-Onone";
				SWIFT_VERSION = 6.0;
			};
			name = Debug;
		};
/* End XCBuildConfiguration section */

/* Begin XCConfigurationList section */
		74C470FF107C144C2971DD2A /* Build configuration list for PBXNativeTarget "Threadnote" */ = {
			isa = XCConfigurationList;
			buildConfigurations = (
				633B66D332BC1C998BF444CD /* Debug */,
				30D1A03CA7D990854A48A890 /* Release */,
			);
			defaultConfigurationIsVisible = 0;
			defaultConfigurationName = Debug;
		};
		A81E9A0A56EEFE27B8FA1418 /* Build configuration list for PBXProject "Threadnote" */ = {
			isa = XCConfigurationList;
			buildConfigurations = (
				CCCB8452ACCBD01C175719B1 /* Debug */,
				1B740133D30466ADB76C36E9 /* Release */,
			);
			defaultConfigurationIsVisible = 0;
			defaultConfigurationName = Debug;
		};
/* End XCConfigurationList section */

/* Begin XCRemoteSwiftPackageReference section */
		1FEBCF21D26A1EB7FF709FBA /* XCRemoteSwiftPackageReference "swift-ai-sdk" */ = {
			isa = XCRemoteSwiftPackageReference;
			repositoryURL = "https://github.com/teunlao/swift-ai-sdk.git";
			requirement = {
				kind = upToNextMajorVersion;
				minimumVersion = 0.17.3;
			};
		};
		21654838E9031734CB6C7B15 /* XCRemoteSwiftPackageReference "GRDB.swift" */ = {
			isa = XCRemoteSwiftPackageReference;
			repositoryURL = "https://github.com/groue/GRDB.swift.git";
			requirement = {
				kind = upToNextMajorVersion;
				minimumVersion = 7.0.0;
			};
		};
/* End XCRemoteSwiftPackageReference section */

/* Begin XCSwiftPackageProductDependency section */
		06412607688065600BD8C39B /* OpenAIProvider */ = {
			isa = XCSwiftPackageProductDependency;
			package = 1FEBCF21D26A1EB7FF709FBA /* XCRemoteSwiftPackageReference "swift-ai-sdk" */;
			productName = OpenAIProvider;
		};
		0CA869F5A15B34A8FEB2A1DF /* GRDB */ = {
			isa = XCSwiftPackageProductDependency;
			package = 21654838E9031734CB6C7B15 /* XCRemoteSwiftPackageReference "GRDB.swift" */;
			productName = GRDB;
		};
		7731961AA37D705978C202F7 /* AnthropicProvider */ = {
			isa = XCSwiftPackageProductDependency;
			package = 1FEBCF21D26A1EB7FF709FBA /* XCRemoteSwiftPackageReference "swift-ai-sdk" */;
			productName = AnthropicProvider;
		};
		77362693DC743A55D5ED5F99 /* DeepSeekProvider */ = {
			isa = XCSwiftPackageProductDependency;
			package = 1FEBCF21D26A1EB7FF709FBA /* XCRemoteSwiftPackageReference "swift-ai-sdk" */;
			productName = DeepSeekProvider;
		};
		A9246845935420FEA8606625 /* OpenAICompatibleProvider */ = {
			isa = XCSwiftPackageProductDependency;
			package = 1FEBCF21D26A1EB7FF709FBA /* XCRemoteSwiftPackageReference "swift-ai-sdk" */;
			productName = OpenAICompatibleProvider;
		};
		B650BEE0C4767FDE173394B7 /* SwiftAISDK */ = {
			isa = XCSwiftPackageProductDependency;
			package = 1FEBCF21D26A1EB7FF709FBA /* XCRemoteSwiftPackageReference "swift-ai-sdk" */;
			productName = SwiftAISDK;
		};
		CCC790FC70B848E05A2E818B /* XAIProvider */ = {
			isa = XCSwiftPackageProductDependency;
			package = 1FEBCF21D26A1EB7FF709FBA /* XCRemoteSwiftPackageReference "swift-ai-sdk" */;
			productName = XAIProvider;
		};
		E927A97CCED1DC8BE4F0637D /* GoogleProvider */ = {
			isa = XCSwiftPackageProductDependency;
			package = 1FEBCF21D26A1EB7FF709FBA /* XCRemoteSwiftPackageReference "swift-ai-sdk" */;
			productName = GoogleProvider;
		};
		FC11B2D1B845647A09721262 /* GroqProvider */ = {
			isa = XCSwiftPackageProductDependency;
			package = 1FEBCF21D26A1EB7FF709FBA /* XCRemoteSwiftPackageReference "swift-ai-sdk" */;
			productName = GroqProvider;
		};
/* End XCSwiftPackageProductDependency section */
	};
	rootObject = A2F997DEFE8BBC5E647B22C7 /* Project object */;
}
